
Microsoft Visual Studio Solution File, Format Version 12.00
# Visual Studio 15
VisualStudioVersion = 15.0.28010.2016
MinimumVisualStudioVersion = 10.0.40219.1
Project("{2150E333-8FDC-42A3-9474-1A3956D46DE8}") = "0000 Presentation", "0000 Presentation", "{6210AB5B-835F-41D7-80D0-BCD4B2225BAD}"
EndProject
Project("{2150E333-8FDC-42A3-9474-1A3956D46DE8}") = "0010 Application", "0010 Application", "{14B97C21-66A9-4E1D-B8E7-7D5DCF4B6490}"
EndProject
Project("{2150E333-8FDC-42A3-9474-1A3956D46DE8}") = "0100 Domain", "0100 Domain", "{08E02653-5C2F-4547-90D5-6D41A002B96B}"
EndProject
Project("{2150E333-8FDC-42A3-9474-1A3956D46DE8}") = "0200 Repository", "0200 Repository", "{F7B086E9-CF1C-409D-85DE-792687E56739}"
EndProject
Project("{2150E333-8FDC-42A3-9474-1A3956D46DE8}") = "03000 Crosscutting", "03000 Crosscutting", "{12A53FFE-10A9-48CC-91E5-5FE7C147AABD}"
EndProject
Project("{9A19103F-16F7-4668-BE54-9A1E7A4F7556}") = "GTR", "GTR\GTR.csproj", "{BB5C6BE0-095A-49C4-B699-44FE4009CA8F}"
EndProject
Project("{9A19103F-16F7-4668-BE54-9A1E7A4F7556}") = "GTR.Service", "GTR.Service\GTR.Service.csproj", "{E0600129-C1C2-41D5-B837-6BD41620C7A1}"
EndProject
Project("{9A19103F-16F7-4668-BE54-9A1E7A4F7556}") = "GTR.Service.Logic", "GTR.Service.Logic\GTR.Service.Logic.csproj", "{E03F4A7E-C370-4DD3-897A-B0CF01CFD405}"
EndProject
Project("{9A19103F-16F7-4668-BE54-9A1E7A4F7556}") = "GTR.Domain", "GTR.Domain\GTR.Domain.csproj", "{4AAFB19A-CFF9-4C20-94E2-CB52FCA09788}"
EndProject
Project("{9A19103F-16F7-4668-BE54-9A1E7A4F7556}") = "GTR.Domain.Logic", "GTR.Domain.Logic\GTR.Domain.Logic.csproj", "{AB61A1C7-94D3-4F0A-9F0F-2B1DD8C6C54C}"
EndProject
Project("{9A19103F-16F7-4668-BE54-9A1E7A4F7556}") = "GTR.Domain.Model", "GTR.Domain.Model\GTR.Domain.Model.csproj", "{0DA94139-76FD-4356-98A1-076E73887F7A}"
EndProject
Project("{9A19103F-16F7-4668-BE54-9A1E7A4F7556}") = "GTR.Repository", "GTR.Repository\GTR.Repository.csproj", "{E0ABC525-5E97-4C51-86FD-1D5034AA5B77}"
EndProject
Project("{9A19103F-16F7-4668-BE54-9A1E7A4F7556}") = "GTR.Repository.Logic", "GTR.Repository.Logic\GTR.Repository.Logic.csproj", "{1A7D43A8-8225-4E73-8B6A-61D77D5FD1F0}"
EndProject
Project("{9A19103F-16F7-4668-BE54-9A1E7A4F7556}") = "GTR.Repository.Model", "GTR.Repository.Model\GTR.Repository.Model.csproj", "{891DA7F1-3F7F-4B5C-B614-7F47E69EBD39}"
EndProject
Project("{9A19103F-16F7-4668-BE54-9A1E7A4F7556}") = "GTR.Resources", "GTR.Resources\GTR.Resources.csproj", "{182DBDE7-A347-452E-A3DB-67B1EBC925F8}"
EndProject
Project("{9A19103F-16F7-4668-BE54-9A1E7A4F7556}") = "GTR.CrossCutting", "GTR.CrossCuting\GTR.CrossCutting.csproj", "{A2F334C3-9FE3-4BDD-B254-74F2542297A8}"
EndProject
Project("{9A19103F-16F7-4668-BE54-9A1E7A4F7556}") = "GTR.CrossCutting.DependencyInjection", "GTR.CrossCutting.DependencyInjection\GTR.CrossCutting.DependencyInjection.csproj", "{8F111AA5-3A12-439C-9547-9EFB38AD38D4}"
EndProject
Project("{9A19103F-16F7-4668-BE54-9A1E7A4F7556}") = "GTR.CrossCutting.Mapping", "GTR.CrossCutting.Mapping\GTR.CrossCutting.Mapping.csproj", "{DB91A3B9-CDBB-44DE-A531-2AF9768775BE}"
EndProject
Global
	GlobalSection(SolutionConfigurationPlatforms) = preSolution
		Debug|Any CPU = Debug|Any CPU
		Release|Any CPU = Release|Any CPU
	EndGlobalSection
	GlobalSection(ProjectConfigurationPlatforms) = postSolution
		{BB5C6BE0-095A-49C4-B699-44FE4009CA8F}.Debug|Any CPU.ActiveCfg = Debug|Any CPU
		{BB5C6BE0-095A-49C4-B699-44FE4009CA8F}.Debug|Any CPU.Build.0 = Debug|Any CPU
		{BB5C6BE0-095A-49C4-B699-44FE4009CA8F}.Release|Any CPU.ActiveCfg = Release|Any CPU
		{BB5C6BE0-095A-49C4-B699-44FE4009CA8F}.Release|Any CPU.Build.0 = Release|Any CPU
		{E0600129-C1C2-41D5-B837-6BD41620C7A1}.Debug|Any CPU.ActiveCfg = Debug|Any CPU
		{E0600129-C1C2-41D5-B837-6BD41620C7A1}.Debug|Any CPU.Build.0 = Debug|Any CPU
		{E0600129-C1C2-41D5-B837-6BD41620C7A1}.Release|Any CPU.ActiveCfg = Release|Any CPU
		{E0600129-C1C2-41D5-B837-6BD41620C7A1}.Release|Any CPU.Build.0 = Release|Any CPU
		{E03F4A7E-C370-4DD3-897A-B0CF01CFD405}.Debug|Any CPU.ActiveCfg = Debug|Any CPU
		{E03F4A7E-C370-4DD3-897A-B0CF01CFD405}.Debug|Any CPU.Build.0 = Debug|Any CPU
		{E03F4A7E-C370-4DD3-897A-B0CF01CFD405}.Release|Any CPU.ActiveCfg = Release|Any CPU
		{E03F4A7E-C370-4DD3-897A-B0CF01CFD405}.Release|Any CPU.Build.0 = Release|Any CPU
		{4AAFB19A-CFF9-4C20-94E2-CB52FCA09788}.Debug|Any CPU.ActiveCfg = Debug|Any CPU
		{4AAFB19A-CFF9-4C20-94E2-CB52FCA09788}.Debug|Any CPU.Build.0 = Debug|Any CPU
		{4AAFB19A-CFF9-4C20-94E2-CB52FCA09788}.Release|Any CPU.ActiveCfg = Release|Any CPU
		{4AAFB19A-CFF9-4C20-94E2-CB52FCA09788}.Release|Any CPU.Build.0 = Release|Any CPU
		{AB61A1C7-94D3-4F0A-9F0F-2B1DD8C6C54C}.Debug|Any CPU.ActiveCfg = Debug|Any CPU
		{AB61A1C7-94D3-4F0A-9F0F-2B1DD8C6C54C}.Debug|Any CPU.Build.0 = Debug|Any CPU
		{AB61A1C7-94D3-4F0A-9F0F-2B1DD8C6C54C}.Release|Any CPU.ActiveCfg = Release|Any CPU
		{AB61A1C7-94D3-4F0A-9F0F-2B1DD8C6C54C}.Release|Any CPU.Build.0 = Release|Any CPU
		{0DA94139-76FD-4356-98A1-076E73887F7A}.Debug|Any CPU.ActiveCfg = Debug|Any CPU
		{0DA94139-76FD-4356-98A1-076E73887F7A}.Debug|Any CPU.Build.0 = Debug|Any CPU
		{0DA94139-76FD-4356-98A1-076E73887F7A}.Release|Any CPU.ActiveCfg = Release|Any CPU
		{0DA94139-76FD-4356-98A1-076E73887F7A}.Release|Any CPU.Build.0 = Release|Any CPU
		{E0ABC525-5E97-4C51-86FD-1D5034AA5B77}.Debug|Any CPU.ActiveCfg = Debug|Any CPU
		{E0ABC525-5E97-4C51-86FD-1D5034AA5B77}.Debug|Any CPU.Build.0 = Debug|Any CPU
		{E0ABC525-5E97-4C51-86FD-1D5034AA5B77}.Release|Any CPU.ActiveCfg = Release|Any CPU
		{E0ABC525-5E97-4C51-86FD-1D5034AA5B77}.Release|Any CPU.Build.0 = Release|Any CPU
		{1A7D43A8-8225-4E73-8B6A-61D77D5FD1F0}.Debug|Any CPU.ActiveCfg = Debug|Any CPU
		{1A7D43A8-8225-4E73-8B6A-61D77D5FD1F0}.Debug|Any CPU.Build.0 = Debug|Any CPU
		{1A7D43A8-8225-4E73-8B6A-61D77D5FD1F0}.Release|Any CPU.ActiveCfg = Release|Any CPU
		{1A7D43A8-8225-4E73-8B6A-61D77D5FD1F0}.Release|Any CPU.Build.0 = Release|Any CPU
		{891DA7F1-3F7F-4B5C-B614-7F47E69EBD39}.Debug|Any CPU.ActiveCfg = Debug|Any CPU
		{891DA7F1-3F7F-4B5C-B614-7F47E69EBD39}.Debug|Any CPU.Build.0 = Debug|Any CPU
		{891DA7F1-3F7F-4B5C-B614-7F47E69EBD39}.Release|Any CPU.ActiveCfg = Release|Any CPU
		{891DA7F1-3F7F-4B5C-B614-7F47E69EBD39}.Release|Any CPU.Build.0 = Release|Any CPU
		{182DBDE7-A347-452E-A3DB-67B1EBC925F8}.Debug|Any CPU.ActiveCfg = Debug|Any CPU
		{182DBDE7-A347-452E-A3DB-67B1EBC925F8}.Debug|Any CPU.Build.0 = Debug|Any CPU
		{182DBDE7-A347-452E-A3DB-67B1EBC925F8}.Release|Any CPU.ActiveCfg = Release|Any CPU
		{182DBDE7-A347-452E-A3DB-67B1EBC925F8}.Release|Any CPU.Build.0 = Release|Any CPU
		{A2F334C3-9FE3-4BDD-B254-74F2542297A8}.Debug|Any CPU.ActiveCfg = Debug|Any CPU
		{A2F334C3-9FE3-4BDD-B254-74F2542297A8}.Debug|Any CPU.Build.0 = Debug|Any CPU
		{A2F334C3-9FE3-4BDD-B254-74F2542297A8}.Release|Any CPU.ActiveCfg = Release|Any CPU
		{A2F334C3-9FE3-4BDD-B254-74F2542297A8}.Release|Any CPU.Build.0 = Release|Any CPU
		{8F111AA5-3A12-439C-9547-9EFB38AD38D4}.Debug|Any CPU.ActiveCfg = Debug|Any CPU
		{8F111AA5-3A12-439C-9547-9EFB38AD38D4}.Debug|Any CPU.Build.0 = Debug|Any CPU
		{8F111AA5-3A12-439C-9547-9EFB38AD38D4}.Release|Any CPU.ActiveCfg = Release|Any CPU
		{8F111AA5-3A12-439C-9547-9EFB38AD38D4}.Release|Any CPU.Build.0 = Release|Any CPU
		{DB91A3B9-CDBB-44DE-A531-2AF9768775BE}.Debug|Any CPU.ActiveCfg = Debug|Any CPU
		{DB91A3B9-CDBB-44DE-A531-2AF9768775BE}.Debug|Any CPU.Build.0 = Debug|Any CPU
		{DB91A3B9-CDBB-44DE-A531-2AF9768775BE}.Release|Any CPU.ActiveCfg = Release|Any CPU
		{DB91A3B9-CDBB-44DE-A531-2AF9768775BE}.Release|Any CPU.Build.0 = Release|Any CPU
	EndGlobalSection
	GlobalSection(SolutionProperties) = preSolution
		HideSolutionNode = FALSE
	EndGlobalSection
	GlobalSection(NestedProjects) = preSolution
		{BB5C6BE0-095A-49C4-B699-44FE4009CA8F} = {6210AB5B-835F-41D7-80D0-BCD4B2225BAD}
		{E0600129-C1C2-41D5-B837-6BD41620C7A1} = {14B97C21-66A9-4E1D-B8E7-7D5DCF4B6490}
		{E03F4A7E-C370-4DD3-897A-B0CF01CFD405} = {14B97C21-66A9-4E1D-B8E7-7D5DCF4B6490}
		{4AAFB19A-CFF9-4C20-94E2-CB52FCA09788} = {08E02653-5C2F-4547-90D5-6D41A002B96B}
		{AB61A1C7-94D3-4F0A-9F0F-2B1DD8C6C54C} = {08E02653-5C2F-4547-90D5-6D41A002B96B}
		{0DA94139-76FD-4356-98A1-076E73887F7A} = {08E02653-5C2F-4547-90D5-6D41A002B96B}
		{E0ABC525-5E97-4C51-86FD-1D5034AA5B77} = {F7B086E9-CF1C-409D-85DE-792687E56739}
		{1A7D43A8-8225-4E73-8B6A-61D77D5FD1F0} = {F7B086E9-CF1C-409D-85DE-792687E56739}
		{891DA7F1-3F7F-4B5C-B614-7F47E69EBD39} = {F7B086E9-CF1C-409D-85DE-792687E56739}
		{182DBDE7-A347-452E-A3DB-67B1EBC925F8} = {12A53FFE-10A9-48CC-91E5-5FE7C147AABD}
		{A2F334C3-9FE3-4BDD-B254-74F2542297A8} = {12A53FFE-10A9-48CC-91E5-5FE7C147AABD}
		{8F111AA5-3A12-439C-9547-9EFB38AD38D4} = {12A53FFE-10A9-48CC-91E5-5FE7C147AABD}
		{DB91A3B9-CDBB-44DE-A531-2AF9768775BE} = {12A53FFE-10A9-48CC-91E5-5FE7C147AABD}
	EndGlobalSection
	GlobalSection(ExtensibilityGlobals) = postSolution
		SolutionGuid = {EC3F1982-C455-456C-A2C9-54C50AE5BD89}
	EndGlobalSection
EndGlobal
